
Microsoft Visual Studio Solution File, Format Version 12.00
# Visual Studio Version 17
VisualStudioVersion = 17.11.35312.102
MinimumVisualStudioVersion = 10.0.40219.1
Project("{9A19103F-16F7-4668-BE54-9A1E7A4F7556}") = "Demo01", "Demo01\Demo01.csproj", "{E975F9C0-C869-4DFE-8AE2-A94D05888614}"
EndProject
Project("{9A19103F-16F7-4668-BE54-9A1E7A4F7556}") = "Demo02", "Demo02\Demo02.csproj", "{7B42CB9A-BD4D-4150-8605-2D1839562FA0}"
EndProject
Project("{9A19103F-16F7-4668-BE54-9A1E7A4F7556}") = "Demo03", "Demo03\Demo03.csproj", "{4D99034E-AD68-4FFF-9559-060BC349F9AB}"
EndProject
Project("{9A19103F-16F7-4668-BE54-9A1E7A4F7556}") = "Demo03bis", "Demo03bis\Demo03bis.csproj", "{6CA9D376-CA67-46F4-AC77-FB9F5AE9AEE3}"
EndProject
Project("{FAE04EC0-301F-11D3-BF4B-00C04F79EFBC}") = "Demo04", "Demo04\Demo04.csproj", "{CD15840D-96CC-4FC3-9F16-30A2CFD78905}"
EndProject
Project("{FAE04EC0-301F-11D3-BF4B-00C04F79EFBC}") = "Demo04bis", "Demo04bis\Demo04bis.csproj", "{ABA74EE5-138D-4F4C-AB48-6EC4FBB3CA95}"
EndProject
Project("{FAE04EC0-301F-11D3-BF4B-00C04F79EFBC}") = "Demo04tris", "Demo04tris\Demo04tris.csproj", "{ADD39218-0EB2-468F-A70F-4BA651E8C7F6}"
EndProject
Project("{FAE04EC0-301F-11D3-BF4B-00C04F79EFBC}") = "Demo05", "Demo05\Demo05.csproj", "{6AA9E3E4-8E31-4D36-8103-6F2D83C94147}"
EndProject
Global
	GlobalSection(SolutionConfigurationPlatforms) = preSolution
		Debug|Any CPU = Debug|Any CPU
		Release|Any CPU = Release|Any CPU
	EndGlobalSection
	GlobalSection(ProjectConfigurationPlatforms) = postSolution
		{E975F9C0-C869-4DFE-8AE2-A94D05888614}.Debug|Any CPU.ActiveCfg = Debug|Any CPU
		{E975F9C0-C869-4DFE-8AE2-A94D05888614}.Debug|Any CPU.Build.0 = Debug|Any CPU
		{E975F9C0-C869-4DFE-8AE2-A94D05888614}.Release|Any CPU.ActiveCfg = Release|Any CPU
		{E975F9C0-C869-4DFE-8AE2-A94D05888614}.Release|Any CPU.Build.0 = Release|Any CPU
		{7B42CB9A-BD4D-4150-8605-2D1839562FA0}.Debug|Any CPU.ActiveCfg = Debug|Any CPU
		{7B42CB9A-BD4D-4150-8605-2D1839562FA0}.Debug|Any CPU.Build.0 = Debug|Any CPU
		{7B42CB9A-BD4D-4150-8605-2D1839562FA0}.Release|Any CPU.ActiveCfg = Release|Any CPU
		{7B42CB9A-BD4D-4150-8605-2D1839562FA0}.Release|Any CPU.Build.0 = Release|Any CPU
		{4D99034E-AD68-4FFF-9559-060BC349F9AB}.Debug|Any CPU.ActiveCfg = Debug|Any CPU
		{4D99034E-AD68-4FFF-9559-060BC349F9AB}.Debug|Any CPU.Build.0 = Debug|Any CPU
		{4D99034E-AD68-4FFF-9559-060BC349F9AB}.Release|Any CPU.ActiveCfg = Release|Any CPU
		{4D99034E-AD68-4FFF-9559-060BC349F9AB}.Release|Any CPU.Build.0 = Release|Any CPU
		{6CA9D376-CA67-46F4-AC77-FB9F5AE9AEE3}.Debug|Any CPU.ActiveCfg = Debug|Any CPU
		{6CA9D376-CA67-46F4-AC77-FB9F5AE9AEE3}.Debug|Any CPU.Build.0 = Debug|Any CPU
		{6CA9D376-CA67-46F4-AC77-FB9F5AE9AEE3}.Release|Any CPU.ActiveCfg = Release|Any CPU
		{6CA9D376-CA67-46F4-AC77-FB9F5AE9AEE3}.Release|Any CPU.Build.0 = Release|Any CPU
		{CD15840D-96CC-4FC3-9F16-30A2CFD78905}.Debug|Any CPU.ActiveCfg = Debug|Any CPU
		{CD15840D-96CC-4FC3-9F16-30A2CFD78905}.Debug|Any CPU.Build.0 = Debug|Any CPU
		{CD15840D-96CC-4FC3-9F16-30A2CFD78905}.Release|Any CPU.ActiveCfg = Release|Any CPU
		{CD15840D-96CC-4FC3-9F16-30A2CFD78905}.Release|Any CPU.Build.0 = Release|Any CPU
		{ABA74EE5-138D-4F4C-AB48-6EC4FBB3CA95}.Debug|Any CPU.ActiveCfg = Debug|Any CPU
		{ABA74EE5-138D-4F4C-AB48-6EC4FBB3CA95}.Debug|Any CPU.Build.0 = Debug|Any CPU
		{ABA74EE5-138D-4F4C-AB48-6EC4FBB3CA95}.Release|Any CPU.ActiveCfg = Release|Any CPU
		{ABA74EE5-138D-4F4C-AB48-6EC4FBB3CA95}.Release|Any CPU.Build.0 = Release|Any CPU
		{ADD39218-0EB2-468F-A70F-4BA651E8C7F6}.Debug|Any CPU.ActiveCfg = Debug|Any CPU
		{ADD39218-0EB2-468F-A70F-4BA651E8C7F6}.Debug|Any CPU.Build.0 = Debug|Any CPU
		{ADD39218-0EB2-468F-A70F-4BA651E8C7F6}.Release|Any CPU.ActiveCfg = Release|Any CPU
		{ADD39218-0EB2-468F-A70F-4BA651E8C7F6}.Release|Any CPU.Build.0 = Release|Any CPU
		{6AA9E3E4-8E31-4D36-8103-6F2D83C94147}.Debug|Any CPU.ActiveCfg = Debug|Any CPU
		{6AA9E3E4-8E31-4D36-8103-6F2D83C94147}.Debug|Any CPU.Build.0 = Debug|Any CPU
		{6AA9E3E4-8E31-4D36-8103-6F2D83C94147}.Release|Any CPU.ActiveCfg = Release|Any CPU
		{6AA9E3E4-8E31-4D36-8103-6F2D83C94147}.Release|Any CPU.Build.0 = Release|Any CPU
	EndGlobalSection
	GlobalSection(SolutionProperties) = preSolution
		HideSolutionNode = FALSE
	EndGlobalSection
	GlobalSection(ExtensibilityGlobals) = postSolution
		SolutionGuid = {E370E8A6-5A0A-422C-A54A-799C18DA4361}
	EndGlobalSection
EndGlobal
